
Microsoft Visual Studio Solution File, Format Version 12.00
# Visual Studio Version 17
VisualStudioVersion = 17.13.35806.99 d17.13
MinimumVisualStudioVersion = 10.0.40219.1
Project("{FAE04EC0-301F-11D3-BF4B-00C04F79EFBC}") = "BookStore", "BookStore\BookStore.csproj", "{AC81FCAE-39BF-4D20-A865-4636DF124666}"
EndProject
Global
	GlobalSection(SolutionConfigurationPlatforms) = preSolution
		Debug|Any CPU = Debug|Any CPU
		Release|Any CPU = Release|Any CPU
	EndGlobalSection
	GlobalSection(ProjectConfigurationPlatforms) = postSolution
		{AC81FCAE-39BF-4D20-A865-4636DF124666}.Debug|Any CPU.ActiveCfg = Debug|Any CPU
		{AC81FCAE-39BF-4D20-A865-4636DF124666}.Debug|Any CPU.Build.0 = Debug|Any CPU
		{AC81FCAE-39BF-4D20-A865-4636DF124666}.Release|Any CPU.ActiveCfg = Release|Any CPU
		{AC81FCAE-39BF-4D20-A865-4636DF124666}.Release|Any CPU.Build.0 = Release|Any CPU
	EndGlobalSection
	GlobalSection(SolutionProperties) = preSolution
		HideSolutionNode = FALSE
	EndGlobalSection
	GlobalSection(ExtensibilityGlobals) = postSolution
		SolutionGuid = {3B81B8F2-2450-4228-BF2E-E301E82A30F4}
	EndGlobalSection
EndGlobal
